// !$*UTF8*$!
{
	archiveVersion = 1;
	classes = {
	};
	objectVersion = 77;
	objects = {

/* Begin PBXContainerItemProxy section */
		180D67CA2CD886E90061D84C /* PBXContainerItemProxy */ = {
			isa = PBXContainerItemProxy;
			containerPortal = 180D67AB2CD886E50061D84C /* Project object */;
			proxyType = 1;
			remoteGlobalIDString = 180D67B22CD886E50061D84C;
			remoteInfo = tableView;
		};
		180D67D42CD886E90061D84C /* PBXContainerItemProxy */ = {
			isa = PBXContainerItemProxy;
			containerPortal = 180D67AB2CD886E50061D84C /* Project object */;
			proxyType = 1;
			remoteGlobalIDString = 180D67B22CD886E50061D84C;
			remoteInfo = tableView;
		};
/* End PBXContainerItemProxy section */

/* Begin PBXFileReference section */
		180D67B32CD886E50061D84C /* tableView.app */ = {isa = PBXFileReference; explicitFileType = wrapper.application; includeInIndex = 0; path = tableView.app; sourceTree = BUILT_PRODUCTS_DIR; };
		180D67C92CD886E90061D84C /* tableViewTests.xctest */ = {isa = PBXFileReference; explicitFileType = wrapper.cfbundle; includeInIndex = 0; path = tableViewTests.xctest; sourceTree = BUILT_PRODUCTS_DIR; };
		180D67D32CD886E90061D84C /* tableViewUITests.xctest */ = {isa = PBXFileReference; explicitFileType = wrapper.cfbundle; includeInIndex = 0; path = tableViewUITests.xctest; sourceTree = BUILT_PRODUCTS_DIR; };
/* End PBXFileReference section */

/* Begin PBXFileSystemSynchronizedBuildFileExceptionSet section */
		180D67DB2CD886E90061D84C /* Exceptions for "tableView" folder in "tableView" target */ = {
			isa = PBXFileSystemSynchronizedBuildFileExceptionSet;
			membershipExceptions = (
				Info.plist,
			);
			target = 180D67B22CD886E50061D84C /* tableView */;
		};
/* End PBXFileSystemSynchronizedBuildFileExceptionSet section */

/* Begin PBXFileSystemSynchronizedRootGroup section */
		180D67B52CD886E50061D84C /* tableView */ = {
			isa = PBXFileSystemSynchronizedRootGroup;
			exceptions = (
				180D67DB2CD886E90061D84C /* Exceptions for "tableView" folder in "tableView" target */,
			);
			path = tableView;
			sourceTree = "<group>";
		};
		180D67CC2CD886E90061D84C /* tableViewTests */ = {
			isa = PBXFileSystemSynchronizedRootGroup;
			path = tableViewTests;
			sourceTree = "<group>";
		};
		180D67D62CD886E90061D84C /* tableViewUITests */ = {
			isa = PBXFileSystemSynchronizedRootGroup;
			path = tableViewUITests;
			sourceTree = "<group>";
		};
/* End PBXFileSystemSynchronizedRootGroup section */

/* Begin PBXFrameworksBuildPhase section */
		180D67B02CD886E50061D84C /* Frameworks */ = {
			isa = PBXFrameworksBuildPhase;
			buildActionMask = 2147483647;
			files = (
			);
			runOnlyForDeploymentPostprocessing = 0;
		};
		180D67C62CD886E90061D84C /* Frameworks */ = {
			isa = PBXFrameworksBuildPhase;
			buildActionMask = 2147483647;
			files = (
			);
			runOnlyForDeploymentPostprocessing = 0;
		};
		180D67D02CD886E90061D84C /* Frameworks */ = {
			isa = PBXFrameworksBuildPhase;
			buildActionMask = 2147483647;
			files = (
			);
			runOnlyForDeploymentPostprocessing = 0;
		};
/* End PBXFrameworksBuildPhase section */

/* Begin PBXGroup section */
		180D67AA2CD886E50061D84C = {
			isa = PBXGroup;
			children = (
				180D67B52CD886E50061D84C /* tableView */,
				180D67CC2CD886E90061D84C /* tableViewTests */,
				180D67D62CD886E90061D84C /* tableViewUITests */,
				180D67B42CD886E50061D84C /* Products */,
			);
			sourceTree = "<group>";
		};
		180D67B42CD886E50061D84C /* Products */ = {
			isa = PBXGroup;
			children = (
				180D67B32CD886E50061D84C /* tableView.app */,
				180D67C92CD886E90061D84C /* tableViewTests.xctest */,
				180D67D32CD886E90061D84C /* tableViewUITests.xctest */,
			);
			name = Products;
			sourceTree = "<group>";
		};
/* End PBXGroup section */

/* Begin PBXNativeTarget section */
		180D67B22CD886E50061D84C /* tableView */ = {
			isa = PBXNativeTarget;
			buildConfigurationList = 180D67DC2CD886E90061D84C /* Build configuration list for PBXNativeTarget "tableView" */;
			buildPhases = (
				180D67AF2CD886E50061D84C /* Sources */,
				180D67B02CD886E50061D84C /* Frameworks */,
				180D67B12CD886E50061D84C /* Resources */,
			);
			buildRules = (
			);
			dependencies = (
			);
			fileSystemSynchronizedGroups = (
				180D67B52CD886E50061D84C /* tableView */,
			);
			name = tableView;
			packageProductDependencies = (
			);
			productName = tableView;
			productReference = 180D67B32CD886E50061D84C /* tableView.app */;
			productType = "com.apple.product-type.application";
		};
		180D67C82CD886E90061D84C /* tableViewTests */ = {
			isa = PBXNativeTarget;
			buildConfigurationList = 180D67E12CD886E90061D84C /* Build configuration list for PBXNativeTarget "tableViewTests" */;
			buildPhases = (
				180D67C52CD886E90061D84C /* Sources */,
				180D67C62CD886E90061D84C /* Frameworks */,
				180D67C72CD886E90061D84C /* Resources */,
			);
			buildRules = (
			);
			dependencies = (
				180D67CB2CD886E90061D84C /* PBXTargetDependency */,
			);
			fileSystemSynchronizedGroups = (
				180D67CC2CD886E90061D84C /* tableViewTests */,
			);
			name = tableViewTests;
			packageProductDependencies = (
			);
			productName = tableViewTests;
			productReference = 180D67C92CD886E90061D84C /* tableViewTests.xctest */;
			productType = "com.apple.product-type.bundle.unit-test";
		};
		180D67D22CD886E90061D84C /* tableViewUITests */ = {
			isa = PBXNativeTarget;
			buildConfigurationList = 180D67E42CD886E90061D84C /* Build configuration list for PBXNativeTarget "tableViewUITests" */;
			buildPhases = (
				180D67CF2CD886E90061D84C /* Sources */,
				180D67D02CD886E90061D84C /* Frameworks */,
				180D67D12CD886E90061D84C /* Resources */,
			);
			buildRules = (
			);
			dependencies = (
				180D67D52CD886E90061D84C /* PBXTargetDependency */,
			);
			fileSystemSynchronizedGroups = (
				180D67D62CD886E90061D84C /* tableViewUITests */,
			);
			name = tableViewUITests;
			packageProductDependencies = (
			);
			productName = tableViewUITests;
			productReference = 180D67D32CD886E90061D84C /* tableViewUITests.xctest */;
			productType = "com.apple.product-type.bundle.ui-testing";
		};
/* End PBXNativeTarget section */

/* Begin PBXProject section */
		180D67AB2CD886E50061D84C /* Project object */ = {
			isa = PBXProject;
			attributes = {
				BuildIndependentTargetsInParallel = 1;
				LastSwiftUpdateCheck = 1610;
				LastUpgradeCheck = 1610;
				TargetAttributes = {
					180D67B22CD886E50061D84C = {
						CreatedOnToolsVersion = 16.1;
					};
					180D67C82CD886E90061D84C = {
						CreatedOnToolsVersion = 16.1;
						TestTargetID = 180D67B22CD886E50061D84C;
					};
					180D67D22CD886E90061D84C = {
						CreatedOnToolsVersion = 16.1;
						TestTargetID = 180D67B22CD886E50061D84C;
					};
				};
			};
			buildConfigurationList = 180D67AE2CD886E50061D84C /* Build configuration list for PBXProject "tableView" */;
			developmentRegion = en;
			hasScannedForEncodings = 0;
			knownRegions = (
				en,
				Base,
			);
			mainGroup = 180D67AA2CD886E50061D84C;
			minimizedProjectReferenceProxies = 1;
			preferredProjectObjectVersion = 77;
			productRefGroup = 180D67B42CD886E50061D84C /* Products */;
			projectDirPath = "";
			projectRoot = "";
			targets = (
				180D67B22CD886E50061D84C /* tableView */,
				180D67C82CD886E90061D84C /* tableViewTests */,
				180D67D22CD886E90061D84C /* tableViewUITests */,
			);
		};
/* End PBXProject section */

/* Begin PBXResourcesBuildPhase section */
		180D67B12CD886E50061D84C /* Resources */ = {
			isa = PBXResourcesBuildPhase;
			buildActionMask = 2147483647;
			files = (
			);
			runOnlyForDeploymentPostprocessing = 0;
		};
		180D67C72CD886E90061D84C /* Resources */ = {
			isa = PBXResourcesBuildPhase;
			buildActionMask = 2147483647;
			files = (
			);
			runOnlyForDeploymentPostprocessing = 0;
		};
		180D67D12CD886E90061D84C /* Resources */ = {
			isa = PBXResourcesBuildPhase;
			buildActionMask = 2147483647;
			files = (
			);
			runOnlyForDeploymentPostprocessing = 0;
		};
/* End PBXResourcesBuildPhase section */

/* Begin PBXSourcesBuildPhase section */
		180D67AF2CD886E50061D84C /* Sources */ = {
			isa = PBXSourcesBuildPhase;
			buildActionMask = 2147483647;
			files = (
			);
			runOnlyForDeploymentPostprocessing = 0;
		};
		180D67C52CD886E90061D84C /* Sources */ = {
			isa = PBXSourcesBuildPhase;
			buildActionMask = 2147483647;
			files = (
			);
			runOnlyForDeploymentPostprocessing = 0;
		};
		180D67CF2CD886E90061D84C /* Sources */ = {
			isa = PBXSourcesBuildPhase;
			buildActionMask = 2147483647;
			files = (
			);
			runOnlyForDeploymentPostprocessing = 0;
		};
/* End PBXSourcesBuildPhase section */

/* Begin PBXTargetDependency section */
		180D67CB2CD886E90061D84C /* PBXTargetDependency */ = {
			isa = PBXTargetDependency;
			target = 180D67B22CD886E50061D84C /* tableView */;
			targetProxy = 180D67CA2CD886E90061D84C /* PBXContainerItemProxy */;
		};
		180D67D52CD886E90061D84C /* PBXTargetDependency */ = {
			isa = PBXTargetDependency;
			target = 180D67B22CD886E50061D84C /* tableView */;
			targetProxy = 180D67D42CD886E90061D84C /* PBXContainerItemProxy */;
		};
/* End PBXTargetDependency section */

/* Begin XCBuildConfiguration section */
		180D67DD2CD886E90061D84C /* Debug */ = {
			isa = XCBuildConfiguration;
			buildSettings = {
				ASSETCATALOG_COMPILER_APPICON_NAME = AppIcon;
				ASSETCATALOG_COMPILER_GLOBAL_ACCENT_COLOR_NAME = AccentColor;
				CODE_SIGN_STYLE = Automatic;
				CURRENT_PROJECT_VERSION = 1;
				GENERATE_INFOPLIST_FILE = YES;
				INFOPLIST_FILE = tableView/Info.plist;
				INFOPLIST_KEY_UIApplicationSupportsIndirectInputEvents = YES;
				INFOPLIST_KEY_UILaunchStoryboardName = LaunchScreen;
				INFOPLIST_KEY_UIMainStoryboardFile = Main;
				INFOPLIST_KEY_UISupportedInterfaceOrientations_iPad = "UIInterfaceOrientationPortrait UIInterfaceOrientationPortraitUpsideDown UIInterfaceOrientationLandscapeLeft UIInterfaceOrientationLandscapeRight";
				INFOPLIST_KEY_UISupportedInterfaceOrientations_iPhone = "UIInterfaceOrientationPortrait UIInterfaceOrientationLandscapeLeft UIInterfaceOrientationLandscapeRight";
				LD_RUNPATH_SEARCH_PATHS = (
					"$(inherited)",
					"@executable_path/Frameworks",
				);
				MARKETING_VERSION = 1.0;
				PRODUCT_BUNDLE_IDENTIFIER = "coreflex-solutions.tableView";
				PRODUCT_NAME = "$(TARGET_NAME)";
				SWIFT_EMIT_LOC_STRINGS = YES;
				SWIFT_VERSION = 5.0;
				TARGETED_DEVICE_FAMILY = "1,2";
			};
			name = Debug;
		};
		180D67DE2CD886E90061D84C /* Release */ = {
			isa = XCBuildConfiguration;
			buildSettings = {
				ASSETCATALOG_COMPILER_APPICON_NAME = AppIcon;
				ASSETCATALOG_COMPILER_GLOBAL_ACCENT_COLOR_NAME = AccentColor;
				CODE_SIGN_STYLE = Automatic;
				CURRENT_PROJECT_VERSION = 1;
				GENERATE_INFOPLIST_FILE = YES;
				INFOPLIST_FILE = tableView/Info.plist;
				INFOPLIST_KEY_UIApplicationSupportsIndirectInputEvents = YES;
				INFOPLIST_KEY_UILaunchStoryboardName = LaunchScreen;
				INFOPLIST_KEY_UIMainStoryboardFile = Main;
				INFOPLIST_KEY_UISupportedInterfaceOrientations_iPad = "UIInterfaceOrientationPortrait UIInterfaceOrientationPortraitUpsideDown UIInterfaceOrientationLandscapeLeft UIInterfaceOrientationLandscapeRight";
				INFOPLIST_KEY_UISupportedInterfaceOrientations_iPhone = "UIInterfaceOrientationPortrait UIInterfaceOrientationLandscapeLeft UIInterfaceOrientationLandscapeRight";
				LD_RUNPATH_SEARCH_PATHS = (
					"$(inherited)",
					"@executable_path/Frameworks",
				);
				MARKETING_VERSION = 1.0;
				PRODUCT_BUNDLE_IDENTIFIER = "coreflex-solutions.tableView";
				PRODUCT_NAME = "$(TARGET_NAME)";
				SWIFT_EMIT_LOC_STRINGS = YES;
				SWIFT_VERSION = 5.0;
				TARGETED_DEVICE_FAMILY = "1,2";
			};
			name = Release;
		};
		180D67DF2CD886E90061D84C /* Debug */ = {
			isa = XCBuildConfiguration;
			buildSettings = {
				ALWAYS_SEARCH_USER_PATHS = NO;
				ASSETCATALOG_COMPILER_GENERATE_SWIFT_ASSET_SYMBOL_EXTENSIONS = YES;
				CLANG_ANALYZER_NONNULL = YES;
				CLANG_ANALYZER_NUMBER_OBJECT_CONVERSION = YES_AGGRESSIVE;
				CLANG_CXX_LANGUAGE_STANDARD = "gnu++20";
				CLANG_ENABLE_MODULES = YES;
				CLANG_ENABLE_OBJC_ARC = YES;
				CLANG_ENABLE_OBJC_WEAK = YES;
				CLANG_WARN_BLOCK_CAPTURE_AUTORELEASING = YES;
				CLANG_WARN_BOOL_CONVERSION = YES;
				CLANG_WARN_COMMA = YES;
				CLANG_WARN_CONSTANT_CONVERSION = YES;
				CLANG_WARN_DEPRECATED_OBJC_IMPLEMENTATIONS = YES;
				CLANG_WARN_DIRECT_OBJC_ISA_USAGE = YES_ERROR;
				CLANG_WARN_DOCUMENTATION_COMMENTS = YES;
				CLANG_WARN_EMPTY_BODY = YES;
				CLANG_WARN_ENUM_CONVERSION = YES;
				CLANG_WARN_INFINITE_RECURSION = YES;
				CLANG_WARN_INT_CONVERSION = YES;
				CLANG_WARN_NON_LITERAL_NULL_CONVERSION = YES;
				CLANG_WARN_OBJC_IMPLICIT_RETAIN_SELF = YES;
				CLANG_WARN_OBJC_LITERAL_CONVERSION = YES;
				CLANG_WARN_OBJC_ROOT_CLASS = YES_ERROR;
				CLANG_WARN_QUOTED_INCLUDE_IN_FRAMEWORK_HEADER = YES;
				CLANG_WARN_RANGE_LOOP_ANALYSIS = YES;
				CLANG_WARN_STRICT_PROTOTYPES = YES;
				CLANG_WARN_SUSPICIOUS_MOVE = YES;
				CLANG_WARN_UNGUARDED_AVAILABILITY = YES_AGGRESSIVE;
				CLANG_WARN_UNREACHABLE_CODE = YES;
				CLANG_WARN__DUPLICATE_METHOD_MATCH = YES;
				COPY_PHASE_STRIP = NO;
				DEBUG_INFORMATION_FORMAT = dwarf;
				ENABLE_STRICT_OBJC_MSGSEND = YES;
				ENABLE_TESTABILITY = YES;
				ENABLE_USER_SCRIPT_SANDBOXING = YES;
				GCC_C_LANGUAGE_STANDARD = gnu17;
				GCC_DYNAMIC_NO_PIC = NO;
				GCC_NO_COMMON_BLOCKS = YES;
				GCC_OPTIMIZATION_LEVEL = 0;
				GCC_PREPROCESSOR_DEFINITIONS = (
					"DEBUG=1",
					"$(inherited)",
				);
				GCC_WARN_64_TO_32_BIT_CONVERSION = YES;
				GCC_WARN_ABOUT_RETURN_TYPE = YES_ERROR;
				GCC_WARN_UNDECLARED_SELECTOR = YES;
				GCC_WARN_UNINITIALIZED_AUTOS = YES_AGGRESSIVE;
				GCC_WARN_UNUSED_FUNCTION = YES;
				GCC_WARN_UNUSED_VARIABLE = YES;
				IPHONEOS_DEPLOYMENT_TARGET = 18.1;
				LOCALIZATION_PREFERS_STRING_CATALOGS = YES;
				MTL_ENABLE_DEBUG_INFO = INCLUDE_SOURCE;
				MTL_FAST_MATH = YES;
				ONLY_ACTIVE_ARCH = YES;
				SDKROOT = iphoneos;
				SWIFT_ACTIVE_COMPILATION_CONDITIONS = "DEBUG $(inherited)";
				SWIFT_OPTIMIZATION_LEVEL = "-Onone";
			};
			name = Debug;
		};
		180D67E02CD886E90061D84C /* Release */ = {
			isa = XCBuildConfiguration;
			buildSettings = {
				ALWAYS_SEARCH_USER_PATHS = NO;
				ASSETCATALOG_COMPILER_GENERATE_SWIFT_ASSET_SYMBOL_EXTENSIONS = YES;
				CLANG_ANALYZER_NONNULL = YES;
				CLANG_ANALYZER_NUMBER_OBJECT_CONVERSION = YES_AGGRESSIVE;
				CLANG_CXX_LANGUAGE_STANDARD = "gnu++20";
				CLANG_ENABLE_MODULES = YES;
				CLANG_ENABLE_OBJC_ARC = YES;
				CLANG_ENABLE_OBJC_WEAK = YES;
				CLANG_WARN_BLOCK_CAPTURE_AUTORELEASING = YES;
				CLANG_WARN_BOOL_CONVERSION = YES;
				CLANG_WARN_COMMA = YES;
				CLANG_WARN_CONSTANT_CONVERSION = YES;
				CLANG_WARN_DEPRECATED_OBJC_IMPLEMENTATIONS = YES;
				CLANG_WARN_DIRECT_OBJC_ISA_USAGE = YES_ERROR;
				CLANG_WARN_DOCUMENTATION_COMMENTS = YES;
				CLANG_WARN_EMPTY_BODY = YES;
				CLANG_WARN_ENUM_CONVERSION = YES;
				CLANG_WARN_INFINITE_RECURSION = YES;
				CLANG_WARN_INT_CONVERSION = YES;
				CLANG_WARN_NON_LITERAL_NULL_CONVERSION = YES;
				CLANG_WARN_OBJC_IMPLICIT_RETAIN_SELF = YES;
				CLANG_WARN_OBJC_LITERAL_CONVERSION = YES;
				CLANG_WARN_OBJC_ROOT_CLASS = YES_ERROR;
				CLANG_WARN_QUOTED_INCLUDE_IN_FRAMEWORK_HEADER = YES;
				CLANG_WARN_RANGE_LOOP_ANALYSIS = YES;
				CLANG_WARN_STRICT_PROTOTYPES = YES;
				CLANG_WARN_SUSPICIOUS_MOVE = YES;
				CLANG_WARN_UNGUARDED_AVAILABILITY = YES_AGGRESSIVE;
				CLANG_WARN_UNREACHABLE_CODE = YES;
				CLANG_WARN__DUPLICATE_METHOD_MATCH = YES;
				COPY_PHASE_STRIP = NO;
				DEBUG_INFORMATION_FORMAT = "dwarf-with-dsym";
				ENABLE_NS_ASSERTIONS = NO;
				ENABLE_STRICT_OBJC_MSGSEND = YES;
				ENABLE_USER_SCRIPT_SANDBOXING = YES;
				GCC_C_LANGUAGE_STANDARD = gnu17;
				GCC_NO_COMMON_BLOCKS = YES;
				GCC_WARN_64_TO_32_BIT_CONVERSION = YES;
				GCC_WARN_ABOUT_RETURN_TYPE = YES_ERROR;
				GCC_WARN_UNDECLARED_SELECTOR = YES;
				GCC_WARN_UNINITIALIZED_AUTOS = YES_AGGRESSIVE;
				GCC_WARN_UNUSED_FUNCTION = YES;
				GCC_WARN_UNUSED_VARIABLE = YES;
				IPHONEOS_DEPLOYMENT_TARGET = 18.1;
				LOCALIZATION_PREFERS_STRING_CATALOGS = YES;
				MTL_ENABLE_DEBUG_INFO = NO;
				MTL_FAST_MATH = YES;
				SDKROOT = iphoneos;
				SWIFT_COMPILATION_MODE = wholemodule;
				VALIDATE_PRODUCT = YES;
			};
			name = Release;
		};
		180D67E22CD886E90061D84C /* Debug */ = {
			isa = XCBuildConfiguration;
			buildSettings = {
				BUNDLE_LOADER = "$(TEST_HOST)";
				CODE_SIGN_STYLE = Automatic;
				CURRENT_PROJECT_VERSION = 1;
				GENERATE_INFOPLIST_FILE = YES;
				IPHONEOS_DEPLOYMENT_TARGET = 18.1;
				MARKETING_VERSION = 1.0;
				PRODUCT_BUNDLE_IDENTIFIER = "coreflex-solutions.tableViewTests";
				PRODUCT_NAME = "$(TARGET_NAME)";
				SWIFT_EMIT_LOC_STRINGS = NO;
				SWIFT_VERSION = 5.0;
				TARGETED_DEVICE_FAMILY = "1,2";
				TEST_HOST = "$(BUILT_PRODUCTS_DIR)/tableView.app/$(BUNDLE_EXECUTABLE_FOLDER_PATH)/tableView";
			};
			name = Debug;
		};
		180D67E32CD886E90061D84C /* Release */ = {
			isa = XCBuildConfiguration;
			buildSettings = {
				BUNDLE_LOADER = "$(TEST_HOST)";
				CODE_SIGN_STYLE = Automatic;
				CURRENT_PROJECT_VERSION = 1;
				GENERATE_INFOPLIST_FILE = YES;
				IPHONEOS_DEPLOYMENT_TARGET = 18.1;
				MARKETING_VERSION = 1.0;
				PRODUCT_BUNDLE_IDENTIFIER = "coreflex-solutions.tableViewTests";
				PRODUCT_NAME = "$(TARGET_NAME)";
				SWIFT_EMIT_LOC_STRINGS = NO;
				SWIFT_VERSION = 5.0;
				TARGETED_DEVICE_FAMILY = "1,2";
				TEST_HOST = "$(BUILT_PRODUCTS_DIR)/tableView.app/$(BUNDLE_EXECUTABLE_FOLDER_PATH)/tableView";
			};
			name = Release;
		};
		180D67E52CD886E90061D84C /* Debug */ = {
			isa = XCBuildConfiguration;
			buildSettings = {
				CODE_SIGN_STYLE = Automatic;
				CURRENT_PROJECT_VERSION = 1;
				GENERATE_INFOPLIST_FILE = YES;
				MARKETING_VERSION = 1.0;
				PRODUCT_BUNDLE_IDENTIFIER = "coreflex-solutions.tableViewUITests";
				PRODUCT_NAME = "$(TARGET_NAME)";
				SWIFT_EMIT_LOC_STRINGS = NO;
				SWIFT_VERSION = 5.0;
				TARGETED_DEVICE_FAMILY = "1,2";
				TEST_TARGET_NAME = tableView;
			};
			name = Debug;
		};
		180D67E62CD886E90061D84C /* Release */ = {
			isa = XCBuildConfiguration;
			buildSettings = {
				CODE_SIGN_STYLE = Automatic;
				CURRENT_PROJECT_VERSION = 1;
				GENERATE_INFOPLIST_FILE = YES;
				MARKETING_VERSION = 1.0;
				PRODUCT_BUNDLE_IDENTIFIER = "coreflex-solutions.tableViewUITests";
				PRODUCT_NAME = "$(TARGET_NAME)";
				SWIFT_EMIT_LOC_STRINGS = NO;
				SWIFT_VERSION = 5.0;
				TARGETED_DEVICE_FAMILY = "1,2";
				TEST_TARGET_NAME = tableView;
			};
			name = Release;
		};
/* End XCBuildConfiguration section */

/* Begin XCConfigurationList section */
		180D67AE2CD886E50061D84C /* Build configuration list for PBXProject "tableView" */ = {
			isa = XCConfigurationList;
			buildConfigurations = (
				180D67DF2CD886E90061D84C /* Debug */,
				180D67E02CD886E90061D84C /* Release */,
			);
			defaultConfigurationIsVisible = 0;
			defaultConfigurationName = Release;
		};
		180D67DC2CD886E90061D84C /* Build configuration list for PBXNativeTarget "tableView" */ = {
			isa = XCConfigurationList;
			buildConfigurations = (
				180D67DD2CD886E90061D84C /* Debug */,
				180D67DE2CD886E90061D84C /* Release */,
			);
			defaultConfigurationIsVisible = 0;
			defaultConfigurationName = Release;
		};
		180D67E12CD886E90061D84C /* Build configuration list for PBXNativeTarget "tableViewTests" */ = {
			isa = XCConfigurationList;
			buildConfigurations = (
				180D67E22CD886E90061D84C /* Debug */,
				180D67E32CD886E90061D84C /* Release */,
			);
			defaultConfigurationIsVisible = 0;
			defaultConfigurationName = Release;
		};
		180D67E42CD886E90061D84C /* Build configuration list for PBXNativeTarget "tableViewUITests" */ = {
			isa = XCConfigurationList;
			buildConfigurations = (
				180D67E52CD886E90061D84C /* Debug */,
				180D67E62CD886E90061D84C /* Release */,
			);
			defaultConfigurationIsVisible = 0;
			defaultConfigurationName = Release;
		};
/* End XCConfigurationList section */
	};
	rootObject = 180D67AB2CD886E50061D84C /* Project object */;
}
